
Microsoft Visual Studio Solution File, Format Version 12.00
# Visual Studio Version 16
VisualStudioVersion = 16.0.29215.179
MinimumVisualStudioVersion = 10.0.40219.1
Project("{FAE04EC0-301F-11D3-BF4B-00C04F79EFBC}") = "CalorieIntake", "CalorieIntake.csproj", "{9773A708-D300-4253-90FF-7A1ABED3C42B}"
EndProject
Global
	GlobalSection(SolutionConfigurationPlatforms) = preSolution
		Debug|Any CPU = Debug|Any CPU
		Release|Any CPU = Release|Any CPU
	EndGlobalSection
	GlobalSection(ProjectConfigurationPlatforms) = postSolution
		{9773A708-D300-4253-90FF-7A1ABED3C42B}.Debug|Any CPU.ActiveCfg = Debug|Any CPU
		{9773A708-D300-4253-90FF-7A1ABED3C42B}.Debug|Any CPU.Build.0 = Debug|Any CPU
		{9773A708-D300-4253-90FF-7A1ABED3C42B}.Release|Any CPU.ActiveCfg = Release|Any CPU
		{9773A708-D300-4253-90FF-7A1ABED3C42B}.Release|Any CPU.Build.0 = Release|Any CPU
	EndGlobalSection
	GlobalSection(SolutionProperties) = preSolution
		HideSolutionNode = FALSE
	EndGlobalSection
	GlobalSection(ExtensibilityGlobals) = postSolution
		SolutionGuid = {C4D25F77-ADD1-4715-82FD-98C793EAD4FC}
	EndGlobalSection
EndGlobal
